{
  "name": "easepicksample",
  "version": "1.0.0",
  "lockfileVersion": 3,
  "requires": true,
  "packages": {
    "": {
      "name": "easepicksample",
      "version": "1.0.0",
      "license": "ISC",
      "devDependencies": {
        "@easepick/bundle": "^1.2.1",
        "@types/knockout": "^3.4.72",
        "dotvvm-types": "^4.1.0",
        "esbuild": "^0.17.13",
        "typescript": "^5.0.2"
      }
    },
    "node_modules/@easepick/amp-plugin": {
      "version": "1.2.1",
      "resolved": "https://registry.npmjs.org/@easepick/amp-plugin/-/amp-plugin-1.2.1.tgz",
      "integrity": "sha512-LbGd7RU+fiucxTqJnBpT5SwACX1BoEK4yi1joLqN50O57jpN0jQMMvDO/vp/F4Zr8MO6kwaamRmOXhqo/Vb4aw==",
      "dev": true,
      "dependencies": {
        "@easepick/base-plugin": "^1.1.0"
      }
    },
    "node_modules/@easepick/base-plugin": {
      "version": "1.2.1",
      "resolved": "https://registry.npmjs.org/@easepick/base-plugin/-/base-plugin-1.2.1.tgz",
      "integrity": "sha512-aonBQaRyZwNH/gmPzSzZDVjQjgy/rxWd+TXnM0E3Nxkeu4yMbXV+GnWVQbBwTvJx74M7iSCHJowdmZ5T46B7Vg==",
      "dev": true,
      "dependencies": {
        "@easepick/core": "^1.1.0"
      }
    },
    "node_modules/@easepick/bundle": {
      "version": "1.2.1",
      "resolved": "https://registry.npmjs.org/@easepick/bundle/-/bundle-1.2.1.tgz",
      "integrity": "sha512-M9DGu7rrIltbTEPuBfc8fTOdK1E2CjTIiSqXmVRcof/peDnDC7U7h3XaTx7nbB0gq4HUTUO8BKHrofPC0jPqSw==",
      "dev": true,
      "dependencies": {
        "@easepick/amp-plugin": "^1.1.0",
        "@easepick/base-plugin": "^1.1.0",
        "@easepick/core": "^1.1.0",
        "@easepick/datetime": "^1.1.0",
        "@easepick/kbd-plugin": "^1.1.0",
        "@easepick/lock-plugin": "^1.1.0",
        "@easepick/preset-plugin": "^1.1.0",
        "@easepick/range-plugin": "^1.1.0",
        "@easepick/time-plugin": "^1.1.0"
      }
    },
    "node_modules/@easepick/core": {
      "version": "1.2.1",
      "resolved": "https://registry.npmjs.org/@easepick/core/-/core-1.2.1.tgz",
      "integrity": "sha512-V/blEia/ykAq+0mnQ9djOU5wvMZ+iffL5iuQrKLObpMOw38kL/qo4inH4pCbB3wm7sDjrJTuDKf+6+FrgdFGsw==",
      "dev": true,
      "dependencies": {
        "@easepick/datetime": "^1.1.0"
      }
    },
    "node_modules/@easepick/datetime": {
      "version": "1.2.1",
      "resolved": "https://registry.npmjs.org/@easepick/datetime/-/datetime-1.2.1.tgz",
      "integrity": "sha512-KIUvWo/kEipwBqPTazjfUf6R7dKb2ztPizPoB/0ZMYz3HrWJptsLSZQma3R1nM/zkaexnk/e4L4nX+vDjwBtYA==",
      "dev": true
    },
    "node_modules/@easepick/kbd-plugin": {
      "version": "1.2.1",
      "resolved": "https://registry.npmjs.org/@easepick/kbd-plugin/-/kbd-plugin-1.2.1.tgz",
      "integrity": "sha512-t/bEtKuvAbo9b9iw4J5h5DsGYEL4Wm2sLA2VzR2rvmMfJuo1extktgzw2eCy+w6Q/s4ObdKzhXLnjMvFeiJ8Xg==",
      "dev": true,
      "dependencies": {
        "@easepick/base-plugin": "^1.1.0"
      }
    },
    "node_modules/@easepick/lock-plugin": {
      "version": "1.2.1",
      "resolved": "https://registry.npmjs.org/@easepick/lock-plugin/-/lock-plugin-1.2.1.tgz",
      "integrity": "sha512-6sJCdliMpnQtzL9dwznS9vYaQUy66VRKPZ+jFdVR1ohiNUVM6C7dSGdG3dPntVTywTy2Z9uU+yJOeWcVFDT61A==",
      "dev": true,
      "dependencies": {
        "@easepick/base-plugin": "^1.1.0"
      }
    },
    "node_modules/@easepick/preset-plugin": {
      "version": "1.2.1",
      "resolved": "https://registry.npmjs.org/@easepick/preset-plugin/-/preset-plugin-1.2.1.tgz",
      "integrity": "sha512-VAnjyWpf39kXTR6DYbpCJIBeBhbOgRoNTqntpSb5uF9O398KuHUpIM4Ep1id3fTIlfnRrKxzp54rAFwvc48eCA==",
      "dev": true,
      "dependencies": {
        "@easepick/base-plugin": "^1.1.0",
        "@easepick/range-plugin": "^1.1.0"
      }
    },
    "node_modules/@easepick/range-plugin": {
      "version": "1.2.1",
      "resolved": "https://registry.npmjs.org/@easepick/range-plugin/-/range-plugin-1.2.1.tgz",
      "integrity": "sha512-yEHLUq32Kj0exLz4txxchALQVJUbwyXvnovfN7yxTrCJLpi6uMmPXcW4lyYig2P9+xM9JqF6JsNqOsi0+5GlHQ==",
      "dev": true,
      "dependencies": {
        "@easepick/base-plugin": "^1.1.0"
      }
    },
    "node_modules/@easepick/time-plugin": {
      "version": "1.2.1",
      "resolved": "https://registry.npmjs.org/@easepick/time-plugin/-/time-plugin-1.2.1.tgz",
      "integrity": "sha512-mjynAAppLxlqiDSdHdkBEqi4A67CH17FqO3UH2n6mfAIKPZLQA7R8Y6jEkp+Fpl5tj0/HFqdrk82ceiYYnLFYw==",
      "dev": true,
      "dependencies": {
        "@easepick/base-plugin": "^1.1.0"
      }
    },
    "node_modules/@esbuild/android-arm": {
      "version": "0.17.13",
      "resolved": "https://registry.npmjs.org/@esbuild/android-arm/-/android-arm-0.17.13.tgz",
      "integrity": "sha512-5tZZ/hLIfBmt7E8JsE5KbsknoAFmoElkg+A/gjyPtmSQvJjPf+9GsSJihid8VMa08lrsYyaEXOT9RLh3xXQONw==",
      "cpu": [
        "arm"
      ],
      "dev": true,
      "optional": true,
      "os": [
        "android"
      ],
      "engines": {
        "node": ">=12"
      }
    },
    "node_modules/@esbuild/android-arm64": {
      "version": "0.17.13",
      "resolved": "https://registry.npmjs.org/@esbuild/android-arm64/-/android-arm64-0.17.13.tgz",
      "integrity": "sha512-F5DgvJMV2ZEpLNpPCO7FEk1wy8O5tg6cikWSB6uvvncsgE1xgbPlm+Boio/4820C2/mj713X83X1h01v0qoeHg==",
      "cpu": [
        "arm64"
      ],
      "dev": true,
      "optional": true,
      "os": [
        "android"
      ],
      "engines": {
        "node": ">=12"
      }
    },
    "node_modules/@esbuild/android-x64": {
      "version": "0.17.13",
      "resolved": "https://registry.npmjs.org/@esbuild/android-x64/-/android-x64-0.17.13.tgz",
      "integrity": "sha512-5m1UUslzpfVrumG3m3Zv2x9VNAcvMOQWJy009y6jt10tcHpzIq2/b0I0k4fz0QYqGSNS1GteRIhVPN4H7OyCXg==",
      "cpu": [
        "x64"
      ],
      "dev": true,
      "optional": true,
      "os": [
        "android"
      ],
      "engines": {
        "node": ">=12"
      }
    },
    "node_modules/@esbuild/darwin-arm64": {
      "version": "0.17.13",
      "resolved": "https://registry.npmjs.org/@esbuild/darwin-arm64/-/darwin-arm64-0.17.13.tgz",
      "integrity": "sha512-TXbXp/05r7heRsG8yWwbHw9diay+wXIyRNcIHFoNARRIGahYbTW/qwJzE37zkfxLIUPHgR/SyLTUlnTICg14ag==",
      "cpu": [
        "arm64"
      ],
      "dev": true,
      "optional": true,
      "os": [
        "darwin"
      ],
      "engines": {
        "node": ">=12"
      }
    },
    "node_modules/@esbuild/darwin-x64": {
      "version": "0.17.13",
      "resolved": "https://registry.npmjs.org/@esbuild/darwin-x64/-/darwin-x64-0.17.13.tgz",
      "integrity": "sha512-Ku9Db2sblCxFvQdEO7X9nBaLR/S81uch81e2Q2+Os5z1NcnsFjuqhIYH0Gm6KNNpIKaEbC7gCLbiIPbLLMX4Pg==",
      "cpu": [
        "x64"
      ],
      "dev": true,
      "optional": true,
      "os": [
        "darwin"
      ],
      "engines": {
        "node": ">=12"
      }
    },
    "node_modules/@esbuild/freebsd-arm64": {
      "version": "0.17.13",
      "resolved": "https://registry.npmjs.org/@esbuild/freebsd-arm64/-/freebsd-arm64-0.17.13.tgz",
      "integrity": "sha512-t1T5/nIf2j+FdSf1Fa3dcU0cXycr0nK4xJe52qjWa+1I249mM5NBY1ODjiabZxZ0x3CG05y4fd9bxfDLy9kQtA==",
      "cpu": [
        "arm64"
      ],
      "dev": true,
      "optional": true,
      "os": [
        "freebsd"
      ],
      "engines": {
        "node": ">=12"
      }
    },
    "node_modules/@esbuild/freebsd-x64": {
      "version": "0.17.13",
      "resolved": "https://registry.npmjs.org/@esbuild/freebsd-x64/-/freebsd-x64-0.17.13.tgz",
      "integrity": "sha512-/zbkgEO4gY2qGZr9UNAGI38w/FwUY4bx4EC88k9VeiCKNr3ukNgwH/oIgB5Z9/OqpkNLlcS4w9e2d/MIiy5fbw==",
      "cpu": [
        "x64"
      ],
      "dev": true,
      "optional": true,
      "os": [
        "freebsd"
      ],
      "engines": {
        "node": ">=12"
      }
    },
    "node_modules/@esbuild/linux-arm": {
      "version": "0.17.13",
      "resolved": "https://registry.npmjs.org/@esbuild/linux-arm/-/linux-arm-0.17.13.tgz",
      "integrity": "sha512-RrhjzrCF6aCDH248nUAQoldnRmN7nHMxv85GOj5AH+qkxxYvcig7fnUmgANngntRu4btXhN9WKHMgQ5seERDMw==",
      "cpu": [
        "arm"
      ],
      "dev": true,
      "optional": true,
      "os": [
        "linux"
      ],
      "engines": {
        "node": ">=12"
      }
    },
    "node_modules/@esbuild/linux-arm64": {
      "version": "0.17.13",
      "resolved": "https://registry.npmjs.org/@esbuild/linux-arm64/-/linux-arm64-0.17.13.tgz",
      "integrity": "sha512-siu3QZrQ7eGrSttvFaRKyjT7kNRbUuHEKzCCyqRh19MbpGokGY13jbIsBEjx6JmH3T50hds325oweS9Ey2ihAQ==",
      "cpu": [
        "arm64"
      ],
      "dev": true,
      "optional": true,
      "os": [
        "linux"
      ],
      "engines": {
        "node": ">=12"
      }
    },
    "node_modules/@esbuild/linux-ia32": {
      "version": "0.17.13",
      "resolved": "https://registry.npmjs.org/@esbuild/linux-ia32/-/linux-ia32-0.17.13.tgz",
      "integrity": "sha512-ADHA1PqP5gIegehVP0RvxMmNPxpLgetI8QCwYOjUheGXKIKWSdUN8ZS3rusQv3NGZmFCpYdMZzFoI0QtzzGAdw==",
      "cpu": [
        "ia32"
      ],
      "dev": true,
      "optional": true,
      "os": [
        "linux"
      ],
      "engines": {
        "node": ">=12"
      }
    },
    "node_modules/@esbuild/linux-loong64": {
      "version": "0.17.13",
      "resolved": "https://registry.npmjs.org/@esbuild/linux-loong64/-/linux-loong64-0.17.13.tgz",
      "integrity": "sha512-n1JQPxETmR0brkpWlJHeohReEPLH+m00bnJdNnFyHN3zLBt1QypevuZSmnmFWsC+7r7HTwWILj3lBDjtPH3ydg==",
      "cpu": [
        "loong64"
      ],
      "dev": true,
      "optional": true,
      "os": [
        "linux"
      ],
      "engines": {
        "node": ">=12"
      }
    },
    "node_modules/@esbuild/linux-mips64el": {
      "version": "0.17.13",
      "resolved": "https://registry.npmjs.org/@esbuild/linux-mips64el/-/linux-mips64el-0.17.13.tgz",
      "integrity": "sha512-d0pnD/j5KKQ43xtSIvOD+wNIy6D/Vh9GbXVRa3u4zCyiJMYWjxkPkbBzlEgNjdDmUM+5gBFen9k7B8Xscy+Myg==",
      "cpu": [
        "mips64el"
      ],
      "dev": true,
      "optional": true,
      "os": [
        "linux"
      ],
      "engines": {
        "node": ">=12"
      }
    },
    "node_modules/@esbuild/linux-ppc64": {
      "version": "0.17.13",
      "resolved": "https://registry.npmjs.org/@esbuild/linux-ppc64/-/linux-ppc64-0.17.13.tgz",
      "integrity": "sha512-C9sMpa/VcGLjVtsT01sXtzZNS7bAZ+icUclkKkiUwBQ9hzT+J+/Xpj+EykI5hB3KgtxQVo4XUahanFoZNxbQ1g==",
      "cpu": [
        "ppc64"
      ],
      "dev": true,
      "optional": true,
      "os": [
        "linux"
      ],
      "engines": {
        "node": ">=12"
      }
    },
    "node_modules/@esbuild/linux-riscv64": {
      "version": "0.17.13",
      "resolved": "https://registry.npmjs.org/@esbuild/linux-riscv64/-/linux-riscv64-0.17.13.tgz",
      "integrity": "sha512-jYkc5EpNpvjccAHNYekiAtklusVGWftR0VVLtng7dJzDyy+5adAsf1fOG3LllP0WALxS55/w6boLE/728J/bXw==",
      "cpu": [
        "riscv64"
      ],
      "dev": true,
      "optional": true,
      "os": [
        "linux"
      ],
      "engines": {
        "node": ">=12"
      }
    },
    "node_modules/@esbuild/linux-s390x": {
      "version": "0.17.13",
      "resolved": "https://registry.npmjs.org/@esbuild/linux-s390x/-/linux-s390x-0.17.13.tgz",
      "integrity": "sha512-4jAJI5O6E/hATL4lsrG2A+noDjZ377KlATVFKwV3SWaNHj+OvoXe/T84ScQIXEtPI7ndJyLkMYruXj8RR5Ilyw==",
      "cpu": [
        "s390x"
      ],
      "dev": true,
      "optional": true,
      "os": [
        "linux"
      ],
      "engines": {
        "node": ">=12"
      }
    },
    "node_modules/@esbuild/linux-x64": {
      "version": "0.17.13",
      "resolved": "https://registry.npmjs.org/@esbuild/linux-x64/-/linux-x64-0.17.13.tgz",
      "integrity": "sha512-eFLQhJq98qijGRcv9je/9M4Mz1suZ+pOtj62ArsLd0gubNGhhQDz6T30X2X3f1KZ8lkKkr+zN5vtZzx1GAMoFw==",
      "cpu": [
        "x64"
      ],
      "dev": true,
      "optional": true,
      "os": [
        "linux"
      ],
      "engines": {
        "node": ">=12"
      }
    },
    "node_modules/@esbuild/netbsd-x64": {
      "version": "0.17.13",
      "resolved": "https://registry.npmjs.org/@esbuild/netbsd-x64/-/netbsd-x64-0.17.13.tgz",
      "integrity": "sha512-F8PXDeT+3eQpPjf4bmNJapPLu0SKKlWRGPQvBQqVS+YDGoMKnyyYp2UENLFMV8zT7kS39zKxZRZvUL3fMz/7Ww==",
      "cpu": [
        "x64"
      ],
      "dev": true,
      "optional": true,
      "os": [
        "netbsd"
      ],
      "engines": {
        "node": ">=12"
      }
    },
    "node_modules/@esbuild/openbsd-x64": {
      "version": "0.17.13",
      "resolved": "https://registry.npmjs.org/@esbuild/openbsd-x64/-/openbsd-x64-0.17.13.tgz",
      "integrity": "sha512-9jWfzbFCnIZdHjNs+00KQHArUbp7kjQDNmiuqkwGOQFs67m4/dKNupBv2DP5hTqVlQY4tW4RG3qpb6Y3zOHJeA==",
      "cpu": [
        "x64"
      ],
      "dev": true,
      "optional": true,
      "os": [
        "openbsd"
      ],
      "engines": {
        "node": ">=12"
      }
    },
    "node_modules/@esbuild/sunos-x64": {
      "version": "0.17.13",
      "resolved": "https://registry.npmjs.org/@esbuild/sunos-x64/-/sunos-x64-0.17.13.tgz",
      "integrity": "sha512-ALbOMlTIBkAVi6KqYjONa7u2oH95RN7OpetFqMtjufFLBiSaayRuwUzhs2yuR9CfGT4qi0jv6HQDav+EG314TQ==",
      "cpu": [
        "x64"
      ],
      "dev": true,
      "optional": true,
      "os": [
        "sunos"
      ],
      "engines": {
        "node": ">=12"
      }
    },
    "node_modules/@esbuild/win32-arm64": {
      "version": "0.17.13",
      "resolved": "https://registry.npmjs.org/@esbuild/win32-arm64/-/win32-arm64-0.17.13.tgz",
      "integrity": "sha512-FJBLYL4PkrZGeuHzEqme+0DjNetxkJ+XbB+Aoeow7aQ53JCwsA0/mo8sS5aPkDHgCnMkN4A5GLoFTlDj3BKDrQ==",
      "cpu": [
        "arm64"
      ],
      "dev": true,
      "optional": true,
      "os": [
        "win32"
      ],
      "engines": {
        "node": ">=12"
      }
    },
    "node_modules/@esbuild/win32-ia32": {
      "version": "0.17.13",
      "resolved": "https://registry.npmjs.org/@esbuild/win32-ia32/-/win32-ia32-0.17.13.tgz",
      "integrity": "sha512-Qrvst9RkLz4qgi3hqswNliYuKW92/HGJnd7xLWkGaGPa8S4qsONf81FW0ebDc5iUHb0I7QJwQATutvghTabnFA==",
      "cpu": [
        "ia32"
      ],
      "dev": true,
      "optional": true,
      "os": [
        "win32"
      ],
      "engines": {
        "node": ">=12"
      }
    },
    "node_modules/@esbuild/win32-x64": {
      "version": "0.17.13",
      "resolved": "https://registry.npmjs.org/@esbuild/win32-x64/-/win32-x64-0.17.13.tgz",
      "integrity": "sha512-pZ/NIgz861XaUPlIkPFjP55nJ4PJa0o/CD4zgeRb1Q9FVE+8GvdB6ifJcK05jRhny5hKExhnRFIdgHmmCYH8vg==",
      "cpu": [
        "x64"
      ],
      "dev": true,
      "optional": true,
      "os": [
        "win32"
      ],
      "engines": {
        "node": ">=12"
      }
    },
    "node_modules/@types/knockout": {
      "version": "3.4.72",
      "resolved": "https://registry.npmjs.org/@types/knockout/-/knockout-3.4.72.tgz",
      "integrity": "sha512-L/dGG0DdadKj0nsumdvkNonEcHMRe4RflgHEoHFzj1RZ+xuUMayF7+4Jj5pALOD462M/x4cGa9GuadBDiU6nRw==",
      "dev": true
    },
    "node_modules/dotvvm-types": {
      "version": "4.1.0",
      "resolved": "https://registry.npmjs.org/dotvvm-types/-/dotvvm-types-4.1.0.tgz",
      "integrity": "sha512-+dNmxwjGmp3TPUfswQJpz8lIerfbcu++8Lztlc+vpwEQjWuaC7n51gp/j+foN95Mv8o2PuJOItWpNp3CYjv/Tg==",
      "dev": true,
      "dependencies": {
        "@types/knockout": "^3.4.69"
      }
    },
    "node_modules/esbuild": {
      "version": "0.17.13",
      "resolved": "https://registry.npmjs.org/esbuild/-/esbuild-0.17.13.tgz",
      "integrity": "sha512-4ixMwdErBcQHgTBeoxnowENCPKWFAGxgTyKHMK8gqn9sZaC7ZNWFKtim16g2rzQ2b/FYyy3lIUUJboFtjolhqg==",
      "dev": true,
      "hasInstallScript": true,
      "bin": {
        "esbuild": "bin/esbuild"
      },
      "engines": {
        "node": ">=12"
      },
      "optionalDependencies": {
        "@esbuild/android-arm": "0.17.13",
        "@esbuild/android-arm64": "0.17.13",
        "@esbuild/android-x64": "0.17.13",
        "@esbuild/darwin-arm64": "0.17.13",
        "@esbuild/darwin-x64": "0.17.13",
        "@esbuild/freebsd-arm64": "0.17.13",
        "@esbuild/freebsd-x64": "0.17.13",
        "@esbuild/linux-arm": "0.17.13",
        "@esbuild/linux-arm64": "0.17.13",
        "@esbuild/linux-ia32": "0.17.13",
        "@esbuild/linux-loong64": "0.17.13",
        "@esbuild/linux-mips64el": "0.17.13",
        "@esbuild/linux-ppc64": "0.17.13",
        "@esbuild/linux-riscv64": "0.17.13",
        "@esbuild/linux-s390x": "0.17.13",
        "@esbuild/linux-x64": "0.17.13",
        "@esbuild/netbsd-x64": "0.17.13",
        "@esbuild/openbsd-x64": "0.17.13",
        "@esbuild/sunos-x64": "0.17.13",
        "@esbuild/win32-arm64": "0.17.13",
        "@esbuild/win32-ia32": "0.17.13",
        "@esbuild/win32-x64": "0.17.13"
      }
    },
    "node_modules/typescript": {
      "version": "5.0.2",
      "resolved": "https://registry.npmjs.org/typescript/-/typescript-5.0.2.tgz",
      "integrity": "sha512-wVORMBGO/FAs/++blGNeAVdbNKtIh1rbBL2EyQ1+J9lClJ93KiiKe8PmFIVdXhHcyv44SL9oglmfeSsndo0jRw==",
      "dev": true,
      "bin": {
        "tsc": "bin/tsc",
        "tsserver": "bin/tsserver"
      },
      "engines": {
        "node": ">=12.20"
      }
    }
  }
}
