
Microsoft Visual Studio Solution File, Format Version 12.00
# Visual Studio 15
VisualStudioVersion = 15.0.28307.136
MinimumVisualStudioVersion = 10.0.40219.1
Project("{9A19103F-16F7-4668-BE54-9A1E7A4F7556}") = "DotvvmMinutes.SimpleShop", "DotvvmMinutes.SimpleShop\DotvvmMinutes.SimpleShop.csproj", "{2A26A8EA-1EEC-4C83-A4F2-0B7FBF56453F}"
EndProject
Project("{FAE04EC0-301F-11D3-BF4B-00C04F79EFBC}") = "DotvvmMinutes.SimpleShop.Reviews", "DotvvmMinutes.SimpleShop.Reviews\DotvvmMinutes.SimpleShop.Reviews.csproj", "{8D235305-6EA6-455C-BCAA-FA3189457324}"
EndProject
Global
	GlobalSection(SolutionConfigurationPlatforms) = preSolution
		Debug|Any CPU = Debug|Any CPU
		Release|Any CPU = Release|Any CPU
	EndGlobalSection
	GlobalSection(ProjectConfigurationPlatforms) = postSolution
		{2A26A8EA-1EEC-4C83-A4F2-0B7FBF56453F}.Debug|Any CPU.ActiveCfg = Debug|Any CPU
		{2A26A8EA-1EEC-4C83-A4F2-0B7FBF56453F}.Debug|Any CPU.Build.0 = Debug|Any CPU
		{2A26A8EA-1EEC-4C83-A4F2-0B7FBF56453F}.Release|Any CPU.ActiveCfg = Release|Any CPU
		{2A26A8EA-1EEC-4C83-A4F2-0B7FBF56453F}.Release|Any CPU.Build.0 = Release|Any CPU
		{8D235305-6EA6-455C-BCAA-FA3189457324}.Debug|Any CPU.ActiveCfg = Debug|Any CPU
		{8D235305-6EA6-455C-BCAA-FA3189457324}.Debug|Any CPU.Build.0 = Debug|Any CPU
		{8D235305-6EA6-455C-BCAA-FA3189457324}.Release|Any CPU.ActiveCfg = Release|Any CPU
		{8D235305-6EA6-455C-BCAA-FA3189457324}.Release|Any CPU.Build.0 = Release|Any CPU
	EndGlobalSection
	GlobalSection(SolutionProperties) = preSolution
		HideSolutionNode = FALSE
	EndGlobalSection
	GlobalSection(ExtensibilityGlobals) = postSolution
		SolutionGuid = {B913AEC0-D04E-4DBE-860B-A0E9621A8B4F}
	EndGlobalSection
EndGlobal
